{
  "nodes": {
    "ldk-server-wallet-src": {
      "flake": false,
      "locked": {
        "lastModified": 1790891562,
        "narHash": "sha256-dUfwfL33ENKONYjt8xVZPml0NVFfDvWj32Ald2XvRn8=",
        "owner": "benthecarman",
        "repo": "ldk-server-wallet",
        "rev": "99b28c0dc1b48b0cf60ae4b0ee33996a60d72329",
        "type": "github"
      },
      "original": {
        "owner": "benthecarman",
        "repo": "ldk-server-wallet",
        "type": "github"
      }
    },
    "mesh-llm-src": {
      "flake": false,
      "locked": {
        "lastModified": 1791324995,
        "narHash": "sha256-WAyAMTa/EvCTsJRupup2J5rpepmAGRVZt3YWMoSo9kg=",
        "owner": "Mesh-LLM",
        "repo": "mesh-llm",
        "rev": "f7a7b1e62fd0be83ee7590b122dbf97c7c156a0a",
        "type": "github"
      },
      "original": {
        "owner": "Mesh-LLM",
        "repo": "mesh-llm",
        "type": "github"
      }
    },
    "nixpkgs": {
      "locked": {
        "lastModified": 1791260994,
        "narHash": "sha256-Miqqk/ammqnTUxaoCyvtwoPeLbI1ksFyLxi/CazZpWY=",
        "owner": "NixOS",
        "repo": "nixpkgs",
        "rev": "151fa4e8ddfdd8dd25d945ad94ed54a13de9f6e4",
        "type": "github"
      },
      "original": {
        "owner": "NixOS",
        "ref": "nixos-unstable",
        "repo": "nixpkgs",
        "type": "github"
      }
    },
    "nwc-wallet-src": {
      "flake": false,
      "locked": {
        "lastModified": 1790891562,
        "narHash": "sha256-aL2fypr+UPkTTKBip3lS21sxFH+bBhwVni6YrOtQ2G4=",
        "owner": "benthecarman",
        "repo": "nwc-wallet",
        "rev": "bfd21f96f750f079b92c015e247e71376726cf9b",
        "type": "github"
      },
      "original": {
        "owner": "benthecarman",
        "repo": "nwc-wallet",
        "type": "github"
      }
    },
    "root": {
      "inputs": {
        "ldk-server-wallet-src": "ldk-server-wallet-src",
        "mesh-llm-src": "mesh-llm-src",
        "nixpkgs": "nixpkgs",
        "nwc-wallet-src": "nwc-wallet-src"
      }
    }
  },
  "root": "root",
  "version": 7
}
